github.com/BurntSushi/toml v1.6.0 h1:dRaEfpa2VI55EwlIW72hMRHdWouJeRF7TPYhI+AUQjk=
github.com/BurntSushi/toml v1.6.0/go.mod h1:ukJfTF/6rtPPRCnwkur4qwRxa8vTRFBF0uk2lLoLwho=
github.com/gen2brain/malgo v0.11.26 h1:k5WcPIKw1bbJAbPqrvNPt7nehPLoaPNcOFde2+eruiM=
github.com/gen2brain/malgo v0.11.26/go.mod h1:xLVG3ROA33Bzol1quF3e4ehqcFuqh8QK4B8T6LQUs/M=
github.com/yalue/onnxruntime_go v1.36.0 h1:iH1Q++DcsyT9sWtN26KYimESlI5hhXpKaChHDS44oV4=
github.com/yalue/onnxruntime_go v1.36.0/go.mod h1:b4X26A8pekNb1ACJ58wAXgNKeUCGEAQ9dmACut9Sm/4=
